
Microsoft Visual Studio Solution File, Format Version 12.00
# Visual Studio Version 17
VisualStudioVersion = 17.4.33403.182
MinimumVisualStudioVersion = 10.0.40219.1
Project("{9A19103F-16F7-4668-BE54-9A1E7A4F7556}") = "InvestmentManagement.Tests", "..\InvestmentManagement.Tests\InvestmentManagement.Tests.csproj", "{D6D19D37-ECDF-4E55-963B-67917A65BD3E}"
EndProject
Project("{9A19103F-16F7-4668-BE54-9A1E7A4F7556}") = "InvestmentManagement", "InvestmentManagement.csproj", "{FDC63068-6BDA-4155-AFAE-A3FF94755EB6}"
EndProject
Project("{9A19103F-16F7-4668-BE54-9A1E7A4F7556}") = "InvestmentManagement.BusinessLayer", "..\InvestmentManagement.BusinessLayer\InvestmentManagement.BusinessLayer.csproj", "{2320C32D-F8A4-45D8-80CE-CB834A11AB56}"
EndProject
Project("{9A19103F-16F7-4668-BE54-9A1E7A4F7556}") = "InvestmentManagement.DataLayer", "..\InvestmentManagement.DataLayer\InvestmentManagement.DataLayer.csproj", "{BA052561-5DC0-4E83-A20F-734324D34088}"
EndProject
Project("{9A19103F-16F7-4668-BE54-9A1E7A4F7556}") = "InvestmentManagement.Entities", "..\InvestmentManagement.Entities\InvestmentManagement.Entities.csproj", "{AFA1F6F5-04DD-4C9D-B445-809BB6D3A0D6}"
EndProject
Global
	GlobalSection(SolutionConfigurationPlatforms) = preSolution
		Debug|Any CPU = Debug|Any CPU
		Release|Any CPU = Release|Any CPU
	EndGlobalSection
	GlobalSection(ProjectConfigurationPlatforms) = postSolution
		{D6D19D37-ECDF-4E55-963B-67917A65BD3E}.Debug|Any CPU.ActiveCfg = Debug|Any CPU
		{D6D19D37-ECDF-4E55-963B-67917A65BD3E}.Debug|Any CPU.Build.0 = Debug|Any CPU
		{D6D19D37-ECDF-4E55-963B-67917A65BD3E}.Release|Any CPU.ActiveCfg = Release|Any CPU
		{D6D19D37-ECDF-4E55-963B-67917A65BD3E}.Release|Any CPU.Build.0 = Release|Any CPU
		{FDC63068-6BDA-4155-AFAE-A3FF94755EB6}.Debug|Any CPU.ActiveCfg = Debug|Any CPU
		{FDC63068-6BDA-4155-AFAE-A3FF94755EB6}.Debug|Any CPU.Build.0 = Debug|Any CPU
		{FDC63068-6BDA-4155-AFAE-A3FF94755EB6}.Release|Any CPU.ActiveCfg = Release|Any CPU
		{FDC63068-6BDA-4155-AFAE-A3FF94755EB6}.Release|Any CPU.Build.0 = Release|Any CPU
		{2320C32D-F8A4-45D8-80CE-CB834A11AB56}.Debug|Any CPU.ActiveCfg = Debug|Any CPU
		{2320C32D-F8A4-45D8-80CE-CB834A11AB56}.Debug|Any CPU.Build.0 = Debug|Any CPU
		{2320C32D-F8A4-45D8-80CE-CB834A11AB56}.Release|Any CPU.ActiveCfg = Release|Any CPU
		{2320C32D-F8A4-45D8-80CE-CB834A11AB56}.Release|Any CPU.Build.0 = Release|Any CPU
		{BA052561-5DC0-4E83-A20F-734324D34088}.Debug|Any CPU.ActiveCfg = Debug|Any CPU
		{BA052561-5DC0-4E83-A20F-734324D34088}.Debug|Any CPU.Build.0 = Debug|Any CPU
		{BA052561-5DC0-4E83-A20F-734324D34088}.Release|Any CPU.ActiveCfg = Release|Any CPU
		{BA052561-5DC0-4E83-A20F-734324D34088}.Release|Any CPU.Build.0 = Release|Any CPU
		{AFA1F6F5-04DD-4C9D-B445-809BB6D3A0D6}.Debug|Any CPU.ActiveCfg = Debug|Any CPU
		{AFA1F6F5-04DD-4C9D-B445-809BB6D3A0D6}.Debug|Any CPU.Build.0 = Debug|Any CPU
		{AFA1F6F5-04DD-4C9D-B445-809BB6D3A0D6}.Release|Any CPU.ActiveCfg = Release|Any CPU
		{AFA1F6F5-04DD-4C9D-B445-809BB6D3A0D6}.Release|Any CPU.Build.0 = Release|Any CPU
	EndGlobalSection
	GlobalSection(SolutionProperties) = preSolution
		HideSolutionNode = FALSE
	EndGlobalSection
	GlobalSection(ExtensibilityGlobals) = postSolution
		SolutionGuid = {5BC9B0F9-74FC-4C1A-BD59-53E2D3ED9171}
	EndGlobalSection
EndGlobal
